{
  "version": 4,
  "terraform_version": "1.2.8",
  "serial": 79,
  "lineage": "ab673655-b414-8d39-26ae-098828cfd5a4",
  "outputs": {
    "tomcat_ip": {
      "value": "18.217.160.253",
      "type": "string"
    }
  },
  "resources": [
    {
      "mode": "managed",
      "type": "aws_dynamodb_table",
      "name": "terraform-lock",
      "provider": "provider[\"registry.terraform.io/hashicorp/aws\"]",
      "instances": [
        {
          "schema_version": 1,
          "attributes": {
            "arn": "arn:aws:dynamodb:us-east-2:517433031596:table/tomcat-dynamodb-state",
            "attribute": [
              {
                "name": "LockID",
                "type": "S"
              }
            ],
            "billing_mode": "PROVISIONED",
            "global_secondary_index": [],
            "hash_key": "LockID",
            "id": "tomcat-dynamodb-state",
            "local_secondary_index": [],
            "name": "tomcat-dynamodb-state",
            "point_in_time_recovery": [
              {
                "enabled": false
              }
            ],
            "range_key": null,
            "read_capacity": 5,
            "replica": [],
            "restore_date_time": null,
            "restore_source_name": null,
            "restore_to_latest_time": null,
            "server_side_encryption": [],
            "stream_arn": "",
            "stream_enabled": false,
            "stream_label": "",
            "stream_view_type": "",
            "table_class": "",
            "tags": {
              "Name": "DynamoDB Terraform State Lock Table for tomcat project"
            },
            "tags_all": {
              "Name": "DynamoDB Terraform State Lock Table for tomcat project"
            },
            "timeouts": null,
            "ttl": [
              {
                "attribute_name": "",
                "enabled": false
              }
            ],
            "write_capacity": 5
          },
          "sensitive_attributes": [],
          "private": "eyJlMmJmYjczMC1lY2FhLTExZTYtOGY4OC0zNDM2M2JjN2M0YzAiOnsiY3JlYXRlIjoxODAwMDAwMDAwMDAwLCJkZWxldGUiOjYwMDAwMDAwMDAwMCwidXBkYXRlIjozNjAwMDAwMDAwMDAwfSwic2NoZW1hX3ZlcnNpb24iOiIxIn0="
        }
      ]
    },
    {
      "mode": "managed",
      "type": "aws_s3_bucket",
      "name": "backend_bucket",
      "provider": "provider[\"registry.terraform.io/hashicorp/aws\"]",
      "instances": [
        {
          "schema_version": 0,
          "attributes": {
            "acceleration_status": "",
            "acl": null,
            "arn": "arn:aws:s3:::tomcat-tf-ansible-state",
            "bucket": "tomcat-tf-ansible-state",
            "bucket_domain_name": "tomcat-tf-ansible-state.s3.amazonaws.com",
            "bucket_prefix": null,
            "bucket_regional_domain_name": "tomcat-tf-ansible-state.s3.us-east-2.amazonaws.com",
            "cors_rule": [],
            "force_destroy": false,
            "grant": [
              {
                "id": "a7279e58ff36dfbc2aadc36a0422c16f237aea9981fbbda9a076d525a6ec1ce3",
                "permissions": [
                  "FULL_CONTROL"
                ],
                "type": "CanonicalUser",
                "uri": ""
              }
            ],
            "hosted_zone_id": "Z2O1EMRO9K5GLX",
            "id": "tomcat-tf-ansible-state",
            "lifecycle_rule": [],
            "logging": [],
            "object_lock_configuration": [],
            "object_lock_enabled": false,
            "policy": "",
            "region": "us-east-2",
            "replication_configuration": [],
            "request_payer": "BucketOwner",
            "server_side_encryption_configuration": [],
            "tags": null,
            "tags_all": {},
            "timeouts": null,
            "versioning": [
              {
                "enabled": false,
                "mfa_delete": false
              }
            ],
            "website": [],
            "website_domain": null,
            "website_endpoint": null
          },
          "sensitive_attributes": [],
          "private": "eyJlMmJmYjczMC1lY2FhLTExZTYtOGY4OC0zNDM2M2JjN2M0YzAiOnsiY3JlYXRlIjoxMjAwMDAwMDAwMDAwLCJkZWxldGUiOjM2MDAwMDAwMDAwMDAsInJlYWQiOjEyMDAwMDAwMDAwMDAsInVwZGF0ZSI6MTIwMDAwMDAwMDAwMH19"
        }
      ]
    },
    {
      "mode": "managed",
      "type": "aws_s3_bucket_acl",
      "name": "tfstate",
      "provider": "provider[\"registry.terraform.io/hashicorp/aws\"]",
      "instances": [
        {
          "schema_version": 0,
          "attributes": {
            "access_control_policy": [
              {
                "grant": [
                  {
                    "grantee": [
                      {
                        "display_name": "",
                        "email_address": "",
                        "id": "a7279e58ff36dfbc2aadc36a0422c16f237aea9981fbbda9a076d525a6ec1ce3",
                        "type": "CanonicalUser",
                        "uri": ""
                      }
                    ],
                    "permission": "FULL_CONTROL"
                  }
                ],
                "owner": [
                  {
                    "display_name": "",
                    "id": "a7279e58ff36dfbc2aadc36a0422c16f237aea9981fbbda9a076d525a6ec1ce3"
                  }
                ]
              }
            ],
            "acl": "private",
            "bucket": "tomcat-tf-ansible-state",
            "expected_bucket_owner": "",
            "id": "tomcat-tf-ansible-state,private"
          },
          "sensitive_attributes": [],
          "private": "bnVsbA==",
          "dependencies": [
            "aws_s3_bucket.backend_bucket"
          ]
        }
      ]
    },
    {
      "module": "module.network",
      "mode": "data",
      "type": "aws_ami",
      "name": "amazonlinux",
      "provider": "provider[\"registry.terraform.io/hashicorp/aws\"]",
      "instances": [
        {
          "schema_version": 0,
          "attributes": {
            "architecture": "x86_64",
            "arn": "arn:aws:ec2:us-east-2::image/ami-0ea1d45dcdd47edf6",
            "block_device_mappings": [
              {
                "device_name": "/dev/xvda",
                "ebs": {
                  "delete_on_termination": "true",
                  "encrypted": "false",
                  "iops": "0",
                  "snapshot_id": "snap-03abe57940b6e2163",
                  "throughput": "0",
                  "volume_size": "8",
                  "volume_type": "gp2"
                },
                "no_device": "",
                "virtual_name": ""
              }
            ],
            "boot_mode": "",
            "creation_date": "2022-12-16T01:56:13.000Z",
            "deprecation_time": "2024-12-16T01:56:13.000Z",
            "description": "Amazon Linux 2 AMI 2.0.20221210.1 x86_64 HVM gp2",
            "ena_support": true,
            "executable_users": null,
            "filter": [
              {
                "name": "architecture",
                "values": [
                  "x86_64"
                ]
              },
              {
                "name": "name",
                "values": [
                  "amzn2-ami-hvm-*-gp2"
                ]
              },
              {
                "name": "root-device-type",
                "values": [
                  "ebs"
                ]
              },
              {
                "name": "virtualization-type",
                "values": [
                  "hvm"
                ]
              }
            ],
            "hypervisor": "xen",
            "id": "ami-0ea1d45dcdd47edf6",
            "image_id": "ami-0ea1d45dcdd47edf6",
            "image_location": "amazon/amzn2-ami-hvm-2.0.20221210.1-x86_64-gp2",
            "image_owner_alias": "amazon",
            "image_type": "machine",
            "imds_support": "",
            "include_deprecated": false,
            "kernel_id": "",
            "most_recent": true,
            "name": "amzn2-ami-hvm-2.0.20221210.1-x86_64-gp2",
            "name_regex": null,
            "owner_id": "137112412989",
            "owners": [
              "137112412989"
            ],
            "platform": "",
            "platform_details": "Linux/UNIX",
            "product_codes": [],
            "public": true,
            "ramdisk_id": "",
            "root_device_name": "/dev/xvda",
            "root_device_type": "ebs",
            "root_snapshot_id": "snap-03abe57940b6e2163",
            "sriov_net_support": "simple",
            "state": "available",
            "state_reason": {
              "code": "UNSET",
              "message": "UNSET"
            },
            "tags": {},
            "timeouts": null,
            "tpm_support": "",
            "usage_operation": "RunInstances",
            "virtualization_type": "hvm"
          },
          "sensitive_attributes": []
        }
      ]
    },
    {
      "module": "module.network",
      "mode": "data",
      "type": "aws_ami",
      "name": "redhat",
      "provider": "provider[\"registry.terraform.io/hashicorp/aws\"]",
      "instances": [
        {
          "schema_version": 0,
          "attributes": {
            "architecture": "x86_64",
            "arn": "arn:aws:ec2:us-east-2::image/ami-0d03b1ad793d7ac93",
            "block_device_mappings": [
              {
                "device_name": "/dev/sda1",
                "ebs": {
                  "delete_on_termination": "true",
                  "encrypted": "false",
                  "iops": "0",
                  "snapshot_id": "snap-0c6ee830b07f2f5de",
                  "throughput": "0",
                  "volume_size": "10",
                  "volume_type": "gp2"
                },
                "no_device": "",
                "virtual_name": ""
              }
            ],
            "boot_mode": "",
            "creation_date": "2022-11-03T18:17:27.000Z",
            "deprecation_time": "2024-11-03T18:17:27.000Z",
            "description": "Provided by Red Hat, Inc.",
            "ena_support": true,
            "executable_users": null,
            "filter": [
              {
                "name": "architecture",
                "values": [
                  "x86_64"
                ]
              },
              {
                "name": "name",
                "values": [
                  "RHEL-9*"
                ]
              },
              {
                "name": "root-device-type",
                "values": [
                  "ebs"
                ]
              },
              {
                "name": "virtualization-type",
                "values": [
                  "hvm"
                ]
              }
            ],
            "hypervisor": "xen",
            "id": "ami-0d03b1ad793d7ac93",
            "image_id": "ami-0d03b1ad793d7ac93",
            "image_location": "amazon/RHEL-9.1.0_HVM-20221101-x86_64-2-Hourly2-GP2",
            "image_owner_alias": "amazon",
            "image_type": "machine",
            "imds_support": "",
            "include_deprecated": false,
            "kernel_id": "",
            "most_recent": true,
            "name": "RHEL-9.1.0_HVM-20221101-x86_64-2-Hourly2-GP2",
            "name_regex": null,
            "owner_id": "309956199498",
            "owners": [
              "309956199498"
            ],
            "platform": "",
            "platform_details": "Red Hat Enterprise Linux",
            "product_codes": [],
            "public": true,
            "ramdisk_id": "",
            "root_device_name": "/dev/sda1",
            "root_device_type": "ebs",
            "root_snapshot_id": "snap-0c6ee830b07f2f5de",
            "sriov_net_support": "simple",
            "state": "available",
            "state_reason": {
              "code": "UNSET",
              "message": "UNSET"
            },
            "tags": {},
            "timeouts": null,
            "tpm_support": "",
            "usage_operation": "RunInstances:0010",
            "virtualization_type": "hvm"
          },
          "sensitive_attributes": []
        }
      ]
    },
    {
      "module": "module.network",
      "mode": "data",
      "type": "aws_ami",
      "name": "ubuntu",
      "provider": "provider[\"registry.terraform.io/hashicorp/aws\"]",
      "instances": [
        {
          "schema_version": 0,
          "attributes": {
            "architecture": "x86_64",
            "arn": "arn:aws:ec2:us-east-2::image/ami-0ab0629dba5ae551d",
            "block_device_mappings": [
              {
                "device_name": "/dev/sda1",
                "ebs": {
                  "delete_on_termination": "true",
                  "encrypted": "false",
                  "iops": "0",
                  "snapshot_id": "snap-03c97ad920ff96e48",
                  "throughput": "0",
                  "volume_size": "8",
                  "volume_type": "gp2"
                },
                "no_device": "",
                "virtual_name": ""
              },
              {
                "device_name": "/dev/sdb",
                "ebs": {},
                "no_device": "",
                "virtual_name": "ephemeral0"
              },
              {
                "device_name": "/dev/sdc",
                "ebs": {},
                "no_device": "",
                "virtual_name": "ephemeral1"
              }
            ],
            "boot_mode": "",
            "creation_date": "2023-01-15T02:52:00.000Z",
            "deprecation_time": "2025-01-15T02:52:00.000Z",
            "description": "Canonical, Ubuntu, 22.04 LTS, amd64 jammy image build on 2023-01-15",
            "ena_support": true,
            "executable_users": null,
            "filter": [
              {
                "name": "architecture",
                "values": [
                  "x86_64"
                ]
              },
              {
                "name": "name",
                "values": [
                  "ubuntu/images/hvm-ssd/ubuntu-jammy-22.04-amd64-server-*"
                ]
              },
              {
                "name": "virtualization-type",
                "values": [
                  "hvm"
                ]
              }
            ],
            "hypervisor": "xen",
            "id": "ami-0ab0629dba5ae551d",
            "image_id": "ami-0ab0629dba5ae551d",
            "image_location": "amazon/ubuntu/images/hvm-ssd/ubuntu-jammy-22.04-amd64-server-20230115",
            "image_owner_alias": "amazon",
            "image_type": "machine",
            "imds_support": "",
            "include_deprecated": false,
            "kernel_id": "",
            "most_recent": true,
            "name": "ubuntu/images/hvm-ssd/ubuntu-jammy-22.04-amd64-server-20230115",
            "name_regex": null,
            "owner_id": "099720109477",
            "owners": [
              "099720109477"
            ],
            "platform": "",
            "platform_details": "Linux/UNIX",
            "product_codes": [],
            "public": true,
            "ramdisk_id": "",
            "root_device_name": "/dev/sda1",
            "root_device_type": "ebs",
            "root_snapshot_id": "snap-03c97ad920ff96e48",
            "sriov_net_support": "simple",
            "state": "available",
            "state_reason": {
              "code": "UNSET",
              "message": "UNSET"
            },
            "tags": {},
            "timeouts": null,
            "tpm_support": "",
            "usage_operation": "RunInstances",
            "virtualization_type": "hvm"
          },
          "sensitive_attributes": []
        }
      ]
    },
    {
      "module": "module.network",
      "mode": "managed",
      "type": "aws_instance",
      "name": "tomcat_server",
      "provider": "provider[\"registry.terraform.io/hashicorp/aws\"]",
      "instances": [
        {
          "schema_version": 1,
          "attributes": {
            "ami": "ami-0ab0629dba5ae551d",
            "arn": "arn:aws:ec2:us-east-2:517433031596:instance/i-034813ab1d0e377c0",
            "associate_public_ip_address": true,
            "availability_zone": "us-east-2a",
            "capacity_reservation_specification": [
              {
                "capacity_reservation_preference": "open",
                "capacity_reservation_target": []
              }
            ],
            "cpu_core_count": 1,
            "cpu_threads_per_core": 1,
            "credit_specification": [
              {
                "cpu_credits": "standard"
              }
            ],
            "disable_api_stop": false,
            "disable_api_termination": false,
            "ebs_block_device": [],
            "ebs_optimized": false,
            "enclave_options": [
              {
                "enabled": false
              }
            ],
            "ephemeral_block_device": [],
            "get_password_data": false,
            "hibernation": false,
            "host_id": null,
            "host_resource_group_arn": null,
            "iam_instance_profile": "",
            "id": "i-034813ab1d0e377c0",
            "instance_initiated_shutdown_behavior": "stop",
            "instance_state": "running",
            "instance_type": "t2.micro",
            "ipv6_address_count": 0,
            "ipv6_addresses": [],
            "key_name": "mykey",
            "launch_template": [],
            "maintenance_options": [
              {
                "auto_recovery": "default"
              }
            ],
            "metadata_options": [
              {
                "http_endpoint": "enabled",
                "http_put_response_hop_limit": 1,
                "http_tokens": "optional",
                "instance_metadata_tags": "disabled"
              }
            ],
            "monitoring": false,
            "network_interface": [],
            "outpost_arn": "",
            "password_data": "",
            "placement_group": "",
            "placement_partition_number": null,
            "primary_network_interface_id": "eni-047785f8b7b02b472",
            "private_dns": "ip-10-0-1-61.us-east-2.compute.internal",
            "private_dns_name_options": [
              {
                "enable_resource_name_dns_a_record": false,
                "enable_resource_name_dns_aaaa_record": false,
                "hostname_type": "ip-name"
              }
            ],
            "private_ip": "10.0.1.61",
            "public_dns": "",
            "public_ip": "18.217.160.253",
            "root_block_device": [
              {
                "delete_on_termination": true,
                "device_name": "/dev/sda1",
                "encrypted": false,
                "iops": 100,
                "kms_key_id": "",
                "tags": {},
                "throughput": 0,
                "volume_id": "vol-0257e19b0b03be1b6",
                "volume_size": 8,
                "volume_type": "gp2"
              }
            ],
            "secondary_private_ips": [],
            "security_groups": [],
            "source_dest_check": true,
            "subnet_id": "subnet-0bd865558e938cf59",
            "tags": {
              "Name": "tomcat_server"
            },
            "tags_all": {
              "Name": "tomcat_server"
            },
            "tenancy": "default",
            "timeouts": null,
            "user_data": null,
            "user_data_base64": null,
            "user_data_replace_on_change": false,
            "volume_tags": null,
            "vpc_security_group_ids": [
              "sg-0bec92898abf8290b"
            ]
          },
          "sensitive_attributes": [],
          "private": "eyJlMmJmYjczMC1lY2FhLTExZTYtOGY4OC0zNDM2M2JjN2M0YzAiOnsiY3JlYXRlIjo2MDAwMDAwMDAwMDAsImRlbGV0ZSI6MTIwMDAwMDAwMDAwMCwidXBkYXRlIjo2MDAwMDAwMDAwMDB9LCJzY2hlbWFfdmVyc2lvbiI6IjEifQ==",
          "dependencies": [
            "module.network.aws_key_pair.mykey",
            "module.network.aws_security_group.allow_ssh",
            "module.network.aws_subnet.public_subnet",
            "module.network.aws_vpc.your_vpc",
            "module.network.data.aws_ami.ubuntu",
            "module.network.tls_private_key.pk"
          ]
        }
      ]
    },
    {
      "module": "module.network",
      "mode": "managed",
      "type": "aws_internet_gateway",
      "name": "igw",
      "provider": "provider[\"registry.terraform.io/hashicorp/aws\"]",
      "instances": [
        {
          "schema_version": 0,
          "attributes": {
            "arn": "arn:aws:ec2:us-east-2:517433031596:internet-gateway/igw-07182b5d7f0730de6",
            "id": "igw-07182b5d7f0730de6",
            "owner_id": "517433031596",
            "tags": {
              "Name": "igw-tomcat"
            },
            "tags_all": {
              "Name": "igw-tomcat"
            },
            "timeouts": null,
            "vpc_id": "vpc-018d3abb02d1fd169"
          },
          "sensitive_attributes": [],
          "private": "eyJlMmJmYjczMC1lY2FhLTExZTYtOGY4OC0zNDM2M2JjN2M0YzAiOnsiY3JlYXRlIjoxMjAwMDAwMDAwMDAwLCJkZWxldGUiOjEyMDAwMDAwMDAwMDAsInVwZGF0ZSI6MTIwMDAwMDAwMDAwMH19",
          "dependencies": [
            "module.network.aws_vpc.your_vpc"
          ]
        }
      ]
    },
    {
      "module": "module.network",
      "mode": "managed",
      "type": "aws_key_pair",
      "name": "mykey",
      "provider": "provider[\"registry.terraform.io/hashicorp/aws\"]",
      "instances": [
        {
          "schema_version": 1,
          "attributes": {
            "arn": "arn:aws:ec2:us-east-2:517433031596:key-pair/mykey",
            "fingerprint": "10:b3:da:8a:d9:16:11:3d:8a:d6:1b:f8:0a:5c:9f:52",
            "id": "mykey",
            "key_name": "mykey",
            "key_name_prefix": "",
            "key_pair_id": "key-020423976339eabe4",
            "key_type": "rsa",
            "public_key": "ssh-rsa AAAAB3NzaC1yc2EAAAADAQABAAACAQCYSOTasarQ7EbipsxiHT/oboNNJwGSyo0g6ZPCldRrOqpzvkStg6x7vG0ScQOOV81nQfsgKJp9a6gQDzEJxwzsSttf6i4Lqv4MatkqsWSIyUmLddtThwwAYewUI0MC1g+1Za7PD+qrDSIPlY9w49c71OivhQo8HmlEoZDs+EpLojtQfKskLJAxzaiOhhp1CLObT14kqBZX4q3dU6TZGq1avhXXijdpRdjzo04kKBbQ5C8ZPLk/WOPRWqCDaE5Z3DaKJdLSuVn5hRSHLXfqf6RdKpGvHkRqaLBEXO2/uBbRit62MZ8YjPaNSRGXKLLKG3YyTGUUJTXbkq1Pyfu5kdjv7ZJi7ACtwhxYO0IFbUkPHnzfHTdzDrlpd4qtSuSmi196nbxKA5fQ2HH0BU4jRu2b8yArRi1YcObla/JoHMOZbFX2TJ2BZpiCfmzCdWoL50S9WAJr8lmMvMofSzQQmALs9kCKRFmdnnWt5M6B/v5jKCNx1beV+JYk3ttYnzMMzhG6fBnpbKCpE4r/0qGYSp2qkCmuWTblt27pc4i1Kss6Vh0UYffy+r8obxyP+/L1n3bYBxhS+7HBEZragrzJ0M26t3QRZ99qWtVy6JCSxsvpTiZZbUIW4El/sVZ7I74eCgFC/XXStDdGIlRgCNla+M7V5aQPJhYe8Xa7hWLodOWOaw==",
            "tags": null,
            "tags_all": {}
          },
          "sensitive_attributes": [],
          "private": "eyJzY2hlbWFfdmVyc2lvbiI6IjEifQ==",
          "dependencies": [
            "module.network.tls_private_key.pk"
          ]
        }
      ]
    },
    {
      "module": "module.network",
      "mode": "managed",
      "type": "aws_route",
      "name": "igw_route",
      "provider": "provider[\"registry.terraform.io/hashicorp/aws\"]",
      "instances": [
        {
          "schema_version": 0,
          "attributes": {
            "carrier_gateway_id": "",
            "core_network_arn": "",
            "destination_cidr_block": "0.0.0.0/0",
            "destination_ipv6_cidr_block": "",
            "destination_prefix_list_id": "",
            "egress_only_gateway_id": "",
            "gateway_id": "igw-07182b5d7f0730de6",
            "id": "r-rtb-0ed51a70c0438f1b31080289494",
            "instance_id": "",
            "instance_owner_id": "",
            "local_gateway_id": "",
            "nat_gateway_id": "",
            "network_interface_id": "",
            "origin": "CreateRoute",
            "route_table_id": "rtb-0ed51a70c0438f1b3",
            "state": "active",
            "timeouts": null,
            "transit_gateway_id": "",
            "vpc_endpoint_id": "",
            "vpc_peering_connection_id": ""
          },
          "sensitive_attributes": [],
          "private": "eyJlMmJmYjczMC1lY2FhLTExZTYtOGY4OC0zNDM2M2JjN2M0YzAiOnsiY3JlYXRlIjozMDAwMDAwMDAwMDAsImRlbGV0ZSI6MzAwMDAwMDAwMDAwLCJ1cGRhdGUiOjEyMDAwMDAwMDAwMH19",
          "dependencies": [
            "module.network.aws_internet_gateway.igw",
            "module.network.aws_route_table.public_route_table",
            "module.network.aws_vpc.your_vpc"
          ]
        }
      ]
    },
    {
      "module": "module.network",
      "mode": "managed",
      "type": "aws_route_table",
      "name": "public_route_table",
      "provider": "provider[\"registry.terraform.io/hashicorp/aws\"]",
      "instances": [
        {
          "schema_version": 0,
          "attributes": {
            "arn": "arn:aws:ec2:us-east-2:517433031596:route-table/rtb-0ed51a70c0438f1b3",
            "id": "rtb-0ed51a70c0438f1b3",
            "owner_id": "517433031596",
            "propagating_vgws": [],
            "route": [],
            "tags": {
              "name": "public-route-table"
            },
            "tags_all": {
              "name": "public-route-table"
            },
            "timeouts": null,
            "vpc_id": "vpc-018d3abb02d1fd169"
          },
          "sensitive_attributes": [],
          "private": "eyJlMmJmYjczMC1lY2FhLTExZTYtOGY4OC0zNDM2M2JjN2M0YzAiOnsiY3JlYXRlIjozMDAwMDAwMDAwMDAsImRlbGV0ZSI6MzAwMDAwMDAwMDAwLCJ1cGRhdGUiOjEyMDAwMDAwMDAwMH19",
          "dependencies": [
            "module.network.aws_vpc.your_vpc"
          ]
        }
      ]
    },
    {
      "module": "module.network",
      "mode": "managed",
      "type": "aws_route_table_association",
      "name": "public_ass_routetable",
      "provider": "provider[\"registry.terraform.io/hashicorp/aws\"]",
      "instances": [
        {
          "schema_version": 0,
          "attributes": {
            "gateway_id": "",
            "id": "rtbassoc-0e3b905c081fd7341",
            "route_table_id": "rtb-0ed51a70c0438f1b3",
            "subnet_id": "subnet-0bd865558e938cf59"
          },
          "sensitive_attributes": [],
          "private": "bnVsbA==",
          "dependencies": [
            "module.network.aws_route_table.public_route_table",
            "module.network.aws_subnet.public_subnet",
            "module.network.aws_vpc.your_vpc"
          ]
        }
      ]
    },
    {
      "module": "module.network",
      "mode": "managed",
      "type": "aws_security_group",
      "name": "allow_ssh",
      "provider": "provider[\"registry.terraform.io/hashicorp/aws\"]",
      "instances": [
        {
          "schema_version": 1,
          "attributes": {
            "arn": "arn:aws:ec2:us-east-2:517433031596:security-group/sg-0bec92898abf8290b",
            "description": "Allow SSH inbound traffic",
            "egress": [
              {
                "cidr_blocks": [
                  "0.0.0.0/0"
                ],
                "description": "",
                "from_port": 0,
                "ipv6_cidr_blocks": [
                  "::/0"
                ],
                "prefix_list_ids": [],
                "protocol": "-1",
                "security_groups": [],
                "self": false,
                "to_port": 0
              }
            ],
            "id": "sg-0bec92898abf8290b",
            "ingress": [
              {
                "cidr_blocks": [
                  "0.0.0.0/0"
                ],
                "description": "",
                "from_port": 8080,
                "ipv6_cidr_blocks": [],
                "prefix_list_ids": [],
                "protocol": "tcp",
                "security_groups": [],
                "self": false,
                "to_port": 8080
              },
              {
                "cidr_blocks": [
                  "0.0.0.0/0"
                ],
                "description": "SSH from VPC",
                "from_port": 22,
                "ipv6_cidr_blocks": [
                  "::/0"
                ],
                "prefix_list_ids": [],
                "protocol": "tcp",
                "security_groups": [],
                "self": false,
                "to_port": 22
              }
            ],
            "name": "allow_ssh",
            "name_prefix": "",
            "owner_id": "517433031596",
            "revoke_rules_on_delete": false,
            "tags": {
              "Name": "allow_ssh_8080"
            },
            "tags_all": {
              "Name": "allow_ssh_8080"
            },
            "timeouts": null,
            "vpc_id": "vpc-018d3abb02d1fd169"
          },
          "sensitive_attributes": [],
          "private": "eyJlMmJmYjczMC1lY2FhLTExZTYtOGY4OC0zNDM2M2JjN2M0YzAiOnsiY3JlYXRlIjo2MDAwMDAwMDAwMDAsImRlbGV0ZSI6OTAwMDAwMDAwMDAwfSwic2NoZW1hX3ZlcnNpb24iOiIxIn0=",
          "dependencies": [
            "module.network.aws_vpc.your_vpc"
          ]
        }
      ]
    },
    {
      "module": "module.network",
      "mode": "managed",
      "type": "aws_subnet",
      "name": "public_subnet",
      "provider": "provider[\"registry.terraform.io/hashicorp/aws\"]",
      "instances": [
        {
          "schema_version": 1,
          "attributes": {
            "arn": "arn:aws:ec2:us-east-2:517433031596:subnet/subnet-0bd865558e938cf59",
            "assign_ipv6_address_on_creation": false,
            "availability_zone": "us-east-2a",
            "availability_zone_id": "use2-az1",
            "cidr_block": "10.0.1.0/24",
            "customer_owned_ipv4_pool": "",
            "enable_dns64": false,
            "enable_resource_name_dns_a_record_on_launch": false,
            "enable_resource_name_dns_aaaa_record_on_launch": false,
            "id": "subnet-0bd865558e938cf59",
            "ipv6_cidr_block": "",
            "ipv6_cidr_block_association_id": "",
            "ipv6_native": false,
            "map_customer_owned_ip_on_launch": false,
            "map_public_ip_on_launch": true,
            "outpost_arn": "",
            "owner_id": "517433031596",
            "private_dns_hostname_type_on_launch": "ip-name",
            "tags": {
              "Name": "public-subnet"
            },
            "tags_all": {
              "Name": "public-subnet"
            },
            "timeouts": null,
            "vpc_id": "vpc-018d3abb02d1fd169"
          },
          "sensitive_attributes": [],
          "private": "eyJlMmJmYjczMC1lY2FhLTExZTYtOGY4OC0zNDM2M2JjN2M0YzAiOnsiY3JlYXRlIjo2MDAwMDAwMDAwMDAsImRlbGV0ZSI6MTIwMDAwMDAwMDAwMH0sInNjaGVtYV92ZXJzaW9uIjoiMSJ9",
          "dependencies": [
            "module.network.aws_vpc.your_vpc"
          ]
        }
      ]
    },
    {
      "module": "module.network",
      "mode": "managed",
      "type": "aws_vpc",
      "name": "your_vpc",
      "provider": "provider[\"registry.terraform.io/hashicorp/aws\"]",
      "instances": [
        {
          "schema_version": 1,
          "attributes": {
            "arn": "arn:aws:ec2:us-east-2:517433031596:vpc/vpc-018d3abb02d1fd169",
            "assign_generated_ipv6_cidr_block": false,
            "cidr_block": "10.0.0.0/16",
            "default_network_acl_id": "acl-069c2a36f66a12859",
            "default_route_table_id": "rtb-05fb16f2d61b37c2c",
            "default_security_group_id": "sg-0e755d21fd9ac7aa6",
            "dhcp_options_id": "dopt-02890ce90826a75a0",
            "enable_classiclink": false,
            "enable_classiclink_dns_support": false,
            "enable_dns_hostnames": false,
            "enable_dns_support": true,
            "enable_network_address_usage_metrics": false,
            "id": "vpc-018d3abb02d1fd169",
            "instance_tenancy": "default",
            "ipv4_ipam_pool_id": null,
            "ipv4_netmask_length": null,
            "ipv6_association_id": "",
            "ipv6_cidr_block": "",
            "ipv6_cidr_block_network_border_group": "",
            "ipv6_ipam_pool_id": "",
            "ipv6_netmask_length": 0,
            "main_route_table_id": "rtb-05fb16f2d61b37c2c",
            "owner_id": "517433031596",
            "tags": {
              "Name": "tomcat-vpc"
            },
            "tags_all": {
              "Name": "tomcat-vpc"
            }
          },
          "sensitive_attributes": [],
          "private": "eyJzY2hlbWFfdmVyc2lvbiI6IjEifQ=="
        }
      ]
    },
    {
      "module": "module.network",
      "mode": "managed",
      "type": "tls_private_key",
      "name": "pk",
      "provider": "provider[\"registry.terraform.io/hashicorp/tls\"]",
      "instances": [
        {
          "schema_version": 1,
          "attributes": {
            "algorithm": "RSA",
            "ecdsa_curve": "P224",
            "id": "4eb940ff20e4f33b19605ee65b679c473c612097",
            "private_key_openssh": "-----BEGIN OPENSSH PRIVATE KEY-----\nb3BlbnNzaC1rZXktdjEAAAAABG5vbmUAAAAEbm9uZQAAAAAAAAABAAACFwAAAAdz\nc2gtcnNhAAAAAwEAAQAAAgEAmEjk2rGq0OxG4qbMYh0/6G6DTScBksqNIOmTwpXU\nazqqc75ErYOse7xtEnEDjlfNZ0H7ICiafWuoEA8xCccM7ErbX+ouC6r+DGrZKrFk\niMlJi3XbU4cMAGHsFCNDAtYPtWWuzw/qqw0iD5WPcOPXO9Tor4UKPB5pRKGQ7PhK\nS6I7UHyrJCyQMc2ojoYadQizm09eJKgWV+Kt3VOk2RqtWr4V14o3aUXY86NOJCgW\n0OQvGTy5P1jj0Vqgg2hOWdw2iiXS0rlZ+YUUhy136n+kXSqRrx5EamiwRFztv7gW\n0YretjGfGIz2jUkRlyiyyht2MkxlFCU125KtT8n7uZHY7+2SYuwArcIcWDtCBW1J\nDx583x03cw65aXeKrUrkpotfep28SgOX0Nhx9AVOI0btm/MgK0YtWHDm5WvyaBzD\nmWxV9kydgWaYgn5swnVqC+dEvVgCa/JZjLzKH0s0EJgC7PZAikRZnZ51reTOgf7+\nYygjcdW3lfiWJN7bWJ8zDM4RunwZ6WygqROK/9KhmEqdqpAprlk25bdu6XOItSrL\nOlYdFGH38vq/KG8cj/vy9Z922AcYUvuxwRGa2oK8ydDNurd0EWffalrVcuiQksbL\n6U4mWW1CFuBJf7FWeyO+HgoBQv110rQ3RiJUYAjZWvjO1eWkDyYWHvF2u4Vi6HTl\njmsAAAc4CB30aQgd9GkAAAAHc3NoLXJzYQAAAgEAmEjk2rGq0OxG4qbMYh0/6G6D\nTScBksqNIOmTwpXUazqqc75ErYOse7xtEnEDjlfNZ0H7ICiafWuoEA8xCccM7Erb\nX+ouC6r+DGrZKrFkiMlJi3XbU4cMAGHsFCNDAtYPtWWuzw/qqw0iD5WPcOPXO9To\nr4UKPB5pRKGQ7PhKS6I7UHyrJCyQMc2ojoYadQizm09eJKgWV+Kt3VOk2RqtWr4V\n14o3aUXY86NOJCgW0OQvGTy5P1jj0Vqgg2hOWdw2iiXS0rlZ+YUUhy136n+kXSqR\nrx5EamiwRFztv7gW0YretjGfGIz2jUkRlyiyyht2MkxlFCU125KtT8n7uZHY7+2S\nYuwArcIcWDtCBW1JDx583x03cw65aXeKrUrkpotfep28SgOX0Nhx9AVOI0btm/Mg\nK0YtWHDm5WvyaBzDmWxV9kydgWaYgn5swnVqC+dEvVgCa/JZjLzKH0s0EJgC7PZA\nikRZnZ51reTOgf7+YygjcdW3lfiWJN7bWJ8zDM4RunwZ6WygqROK/9KhmEqdqpAp\nrlk25bdu6XOItSrLOlYdFGH38vq/KG8cj/vy9Z922AcYUvuxwRGa2oK8ydDNurd0\nEWffalrVcuiQksbL6U4mWW1CFuBJf7FWeyO+HgoBQv110rQ3RiJUYAjZWvjO1eWk\nDyYWHvF2u4Vi6HTljmsAAAADAQABAAACAES+u1kiVTtFPma455DvJVd29B0TG7m5\naGZQK1zvKFpTvHjNjtFJnMaq9A4cKH/MkTQo7AXDbqJpxA+j2/5O9j2BOXEeFTU9\nNrxCS9DjDcBWJbYoOR+G2lsd2WXp2SlhmuvHgFeHFueq4RJp8LwEjrg6z+PUSh+D\nlv/dc8AWAewMy3v1G4kT+PASqCHW1gC5MeNNu/EOVC/Oa7B7PvKnAVTydIe9pHAI\nkPzDXtYhptMb/0sER5gaN5XdtJI9twkHyTMqCfcIp15lvjObygN5JajNO8DzB+2F\nXvUtgkJHBz4G060pz2lU0URMlP1I6RUluoDQTdz/Q0Xg/A4F33YRKf3LW8ZkW/0T\nsiW+3tHPb13pVvM1tWRl7OQhm+eo9JkUA4TJQtn7eO+V6vkVfVt+oZJ0k4jigV4K\ncuLPwyhey5z4rhNNKDz2MG/2MHNxnctcLbi4rhdmWakNV18365pYNFQ8y8V6rwHB\nHyI2i+cnSl6gmM6T8Bg3ZLOKq1CMIV+zM3316m087Hqd26rsc2jnk4HhOGZlNAw0\nKRWht9aw4FQzNwjZYCIOtcoYtVFcaTP1uLdGtAX1u1gJzMPAOM4bUB4FkI3RvF/F\nACIewKcoEoi7qe6i2piUx7CH+tK1Td8pJ1x48hgPUNx6w6aWUXWCdKWnWY3IJQTR\n0PslzMhHGzG5AAABAEADnI6C2rKcvIqZnR+YAZHDIqM7CpU+mcluwQ0nvVn8FkOQ\nT40tv+R47JCpCb9gW1tPzqj8EbnSANoaPINNldp5zWT1nvrGHI1AJ4d2WKegPj2M\n/TBHQbRNU3MXvFkNC8SiSuVseIMwlwptC8/5FETpHqP615T+S53n9M1pDh5EaUBA\nLzZmja9Fo9PzOW8XVITrvd/Xrc8Qk7iVdKALu38emXXee5/NmcnuTsv0xdI0grGs\nMZuMs4Gy9JZktUhyl1f/FG25kqZy7kBQfA+Tt4mSLe9foOFMw+Yrke22aJxBzY3/\nBNkebLyvg4rXz55Y5nbx4l2RueywpkAn961DKC4AAAEBAMSBb9oco78E5PkHe6z5\nBoc9nUNEkRJk+DPtx04iH9aqBm72cre7jwnmB4Fm0q5/dnQOCJhCkCBl7wpbEmBN\nmyREhT1SHvHv61R8wTDvL5pRCnFMTxIz4Btoep7MU++y+zMrFlfdT5U5iP+EKgcv\nVrDWPtVyV1a8pnnTRY9Cl/mY+FiRTafRN3sFZJ4tYfagoYdljpn4uQGs12BquRgE\nMiQMVrZ3jPprP1d52XsJuB3UMIvpP3igGo/bKEk2gFhkpY5u2VEouZLiElqouNym\nlftJbZmxPfZX/DNSSpC7v1l4jRLVmqEEuAuCyOQLajCdbajsJnmucSZx/5EC0UO7\nQm8AAAEBAMZkB4h8aBcwzvahgNhU+LBnFReYrr+Q1NswER2CZfUgHxuk411QcxHe\n+ca+k5QjRWGq/MC1lmn80det6w2nCDQ58CCl1W76jPuAdAYAwf7f+rw3y4zwZxym\nHCBFWPV5ZbG+OB5kXeMnZmA9h/S/7rwHYpGpXhldsgG9Pbw0XelpD3M7vgOz+W2e\nIX+7gpiWCv3/0xoWVSKaI360ct+RkqpU9fr2Z57pyphALiJUHFTQwfJ7DYJHZXpg\nzWDHT8txa9ldPjrY1vax+ft0fWGn0J4uj1pygYp43s+B8DY+ZFb86CLUwGZlpykD\n0Xcp46FQRYem4OoPQPuJq8rpHo6HAcUAAAAAAQID\n-----END OPENSSH PRIVATE KEY-----\n",
            "private_key_pem": "-----BEGIN RSA PRIVATE KEY-----\nMIIJKAIBAAKCAgEAmEjk2rGq0OxG4qbMYh0/6G6DTScBksqNIOmTwpXUazqqc75E\nrYOse7xtEnEDjlfNZ0H7ICiafWuoEA8xCccM7ErbX+ouC6r+DGrZKrFkiMlJi3Xb\nU4cMAGHsFCNDAtYPtWWuzw/qqw0iD5WPcOPXO9Tor4UKPB5pRKGQ7PhKS6I7UHyr\nJCyQMc2ojoYadQizm09eJKgWV+Kt3VOk2RqtWr4V14o3aUXY86NOJCgW0OQvGTy5\nP1jj0Vqgg2hOWdw2iiXS0rlZ+YUUhy136n+kXSqRrx5EamiwRFztv7gW0YretjGf\nGIz2jUkRlyiyyht2MkxlFCU125KtT8n7uZHY7+2SYuwArcIcWDtCBW1JDx583x03\ncw65aXeKrUrkpotfep28SgOX0Nhx9AVOI0btm/MgK0YtWHDm5WvyaBzDmWxV9kyd\ngWaYgn5swnVqC+dEvVgCa/JZjLzKH0s0EJgC7PZAikRZnZ51reTOgf7+YygjcdW3\nlfiWJN7bWJ8zDM4RunwZ6WygqROK/9KhmEqdqpAprlk25bdu6XOItSrLOlYdFGH3\n8vq/KG8cj/vy9Z922AcYUvuxwRGa2oK8ydDNurd0EWffalrVcuiQksbL6U4mWW1C\nFuBJf7FWeyO+HgoBQv110rQ3RiJUYAjZWvjO1eWkDyYWHvF2u4Vi6HTljmsCAwEA\nAQKCAgBEvrtZIlU7RT5muOeQ7yVXdvQdExu5uWhmUCtc7yhaU7x4zY7RSZzGqvQO\nHCh/zJE0KOwFw26iacQPo9v+TvY9gTlxHhU1PTa8QkvQ4w3AViW2KDkfhtpbHdll\n6dkpYZrrx4BXhxbnquESafC8BI64Os/j1Eofg5b/3XPAFgHsDMt79RuJE/jwEqgh\n1tYAuTHjTbvxDlQvzmuwez7ypwFU8nSHvaRwCJD8w17WIabTG/9LBEeYGjeV3bSS\nPbcJB8kzKgn3CKdeZb4zm8oDeSWozTvA8wfthV71LYJCRwc+BtOtKc9pVNFETJT9\nSOkVJbqA0E3c/0NF4PwOBd92ESn9y1vGZFv9E7Ilvt7Rz29d6VbzNbVkZezkIZvn\nqPSZFAOEyULZ+3jvler5FX1bfqGSdJOI4oFeCnLiz8MoXsuc+K4TTSg89jBv9jBz\ncZ3LXC24uK4XZlmpDVdfN+uaWDRUPMvFeq8BwR8iNovnJ0peoJjOk/AYN2SziqtQ\njCFfszN99eptPOx6nduq7HNo55OB4ThmZTQMNCkVobfWsOBUMzcI2WAiDrXKGLVR\nXGkz9bi3RrQF9btYCczDwDjOG1AeBZCN0bxfxQAiHsCnKBKIu6nuotqYlMewh/rS\ntU3fKSdcePIYD1DcesOmllF1gnSlp1mNyCUE0dD7JczIRxsxuQKCAQEAxIFv2hyj\nvwTk+Qd7rPkGhz2dQ0SREmT4M+3HTiIf1qoGbvZyt7uPCeYHgWbSrn92dA4ImEKQ\nIGXvClsSYE2bJESFPVIe8e/rVHzBMO8vmlEKcUxPEjPgG2h6nsxT77L7MysWV91P\nlTmI/4QqBy9WsNY+1XJXVrymedNFj0KX+Zj4WJFNp9E3ewVkni1h9qChh2WOmfi5\nAazXYGq5GAQyJAxWtneM+ms/V3nZewm4HdQwi+k/eKAaj9soSTaAWGSljm7ZUSi5\nkuISWqi43KaV+0ltmbE99lf8M1JKkLu/WXiNEtWaoQS4C4LI5AtqMJ1tqOwmea5x\nJnH/kQLRQ7tCbwKCAQEAxmQHiHxoFzDO9qGA2FT4sGcVF5iuv5DU2zARHYJl9SAf\nG6TjXVBzEd75xr6TlCNFYar8wLWWafzR163rDacINDnwIKXVbvqM+4B0BgDB/t/6\nvDfLjPBnHKYcIEVY9Xllsb44HmRd4ydmYD2H9L/uvAdikaleGV2yAb09vDRd6WkP\nczu+A7P5bZ4hf7uCmJYK/f/TGhZVIpojfrRy35GSqlT1+vZnnunKmEAuIlQcVNDB\n8nsNgkdlemDNYMdPy3Fr2V0+OtjW9rH5+3R9YafQni6PWnKBinjez4HwNj5kVvzo\nItTAZmWnKQPRdynjoVBFh6bg6g9A+4mryukejocBxQKCAQABiQFWsuKUm3UufOB6\neXeTluejnuWDP0axISptcdbN1oY2V7aNuOllKmbkm+kJc/V48qMejWaS2jkD27JJ\nDlIn9mEUGZAkU7uC7XaU60lz6y4ptG7ptX4KuMY8d1wwgzVzMOL7zL7Sa6CmXmH1\nrGkA+KuE/1+vTcn/KadhdyO4z3khOAFjTj8gtuoSUkhxpM+ePyzeBxNq7+6+0hag\nGWhK383NnyF601urU0hfrbPCh+XZMflM9/M9LHkkGUjnZ+HjOvp3p9nLS/jYvHi1\nQJfrXqd8i+XwBr/xprLubokQKeDwRLrwhxjo/hyTq4Mo3hH9P9sNGE/J/RoCCAOa\ng9wBAoIBAQCbNJBsJ5+rXOTdL7ZECB3Sq6Jlpm43sg/ENpN9OZGYNnv/vXyeeRy8\nw2s3H8sG3p0d7o30GVvGKSLlj8tPD/isGxOQBwy12M/IxlJ+i8M5KXLYIvJcnYqd\ncBqa6IXS7Rkw97ahmDWXSzCdZCXjxO/5K/HiMNVMFO/4ylrszS8XNrj+lqNt9DPT\nnR1p94EQ7HlHAwfc5dHO0zWnn3YrD5DlLriNkI26Vf7II5W0B4duly7UC46i+EYc\nenTSHLuBVodgMsFHenKZ5tzB6v1YE9hyl8xQnzpW4X62alpJpYAMSak17qlism4W\n+US67AuIHOt4V4anti1JXAgJI11jdZ1dAoIBAEADnI6C2rKcvIqZnR+YAZHDIqM7\nCpU+mcluwQ0nvVn8FkOQT40tv+R47JCpCb9gW1tPzqj8EbnSANoaPINNldp5zWT1\nnvrGHI1AJ4d2WKegPj2M/TBHQbRNU3MXvFkNC8SiSuVseIMwlwptC8/5FETpHqP6\n15T+S53n9M1pDh5EaUBALzZmja9Fo9PzOW8XVITrvd/Xrc8Qk7iVdKALu38emXXe\ne5/NmcnuTsv0xdI0grGsMZuMs4Gy9JZktUhyl1f/FG25kqZy7kBQfA+Tt4mSLe9f\noOFMw+Yrke22aJxBzY3/BNkebLyvg4rXz55Y5nbx4l2RueywpkAn961DKC4=\n-----END RSA PRIVATE KEY-----\n",
            "private_key_pem_pkcs8": "-----BEGIN PRIVATE KEY-----\nMIIJQgIBADANBgkqhkiG9w0BAQEFAASCCSwwggkoAgEAAoICAQCYSOTasarQ7Ebi\npsxiHT/oboNNJwGSyo0g6ZPCldRrOqpzvkStg6x7vG0ScQOOV81nQfsgKJp9a6gQ\nDzEJxwzsSttf6i4Lqv4MatkqsWSIyUmLddtThwwAYewUI0MC1g+1Za7PD+qrDSIP\nlY9w49c71OivhQo8HmlEoZDs+EpLojtQfKskLJAxzaiOhhp1CLObT14kqBZX4q3d\nU6TZGq1avhXXijdpRdjzo04kKBbQ5C8ZPLk/WOPRWqCDaE5Z3DaKJdLSuVn5hRSH\nLXfqf6RdKpGvHkRqaLBEXO2/uBbRit62MZ8YjPaNSRGXKLLKG3YyTGUUJTXbkq1P\nyfu5kdjv7ZJi7ACtwhxYO0IFbUkPHnzfHTdzDrlpd4qtSuSmi196nbxKA5fQ2HH0\nBU4jRu2b8yArRi1YcObla/JoHMOZbFX2TJ2BZpiCfmzCdWoL50S9WAJr8lmMvMof\nSzQQmALs9kCKRFmdnnWt5M6B/v5jKCNx1beV+JYk3ttYnzMMzhG6fBnpbKCpE4r/\n0qGYSp2qkCmuWTblt27pc4i1Kss6Vh0UYffy+r8obxyP+/L1n3bYBxhS+7HBEZra\ngrzJ0M26t3QRZ99qWtVy6JCSxsvpTiZZbUIW4El/sVZ7I74eCgFC/XXStDdGIlRg\nCNla+M7V5aQPJhYe8Xa7hWLodOWOawIDAQABAoICAES+u1kiVTtFPma455DvJVd2\n9B0TG7m5aGZQK1zvKFpTvHjNjtFJnMaq9A4cKH/MkTQo7AXDbqJpxA+j2/5O9j2B\nOXEeFTU9NrxCS9DjDcBWJbYoOR+G2lsd2WXp2SlhmuvHgFeHFueq4RJp8LwEjrg6\nz+PUSh+Dlv/dc8AWAewMy3v1G4kT+PASqCHW1gC5MeNNu/EOVC/Oa7B7PvKnAVTy\ndIe9pHAIkPzDXtYhptMb/0sER5gaN5XdtJI9twkHyTMqCfcIp15lvjObygN5JajN\nO8DzB+2FXvUtgkJHBz4G060pz2lU0URMlP1I6RUluoDQTdz/Q0Xg/A4F33YRKf3L\nW8ZkW/0TsiW+3tHPb13pVvM1tWRl7OQhm+eo9JkUA4TJQtn7eO+V6vkVfVt+oZJ0\nk4jigV4KcuLPwyhey5z4rhNNKDz2MG/2MHNxnctcLbi4rhdmWakNV18365pYNFQ8\ny8V6rwHBHyI2i+cnSl6gmM6T8Bg3ZLOKq1CMIV+zM3316m087Hqd26rsc2jnk4Hh\nOGZlNAw0KRWht9aw4FQzNwjZYCIOtcoYtVFcaTP1uLdGtAX1u1gJzMPAOM4bUB4F\nkI3RvF/FACIewKcoEoi7qe6i2piUx7CH+tK1Td8pJ1x48hgPUNx6w6aWUXWCdKWn\nWY3IJQTR0PslzMhHGzG5AoIBAQDEgW/aHKO/BOT5B3us+QaHPZ1DRJESZPgz7cdO\nIh/WqgZu9nK3u48J5geBZtKuf3Z0DgiYQpAgZe8KWxJgTZskRIU9Uh7x7+tUfMEw\n7y+aUQpxTE8SM+AbaHqezFPvsvszKxZX3U+VOYj/hCoHL1aw1j7VcldWvKZ500WP\nQpf5mPhYkU2n0Td7BWSeLWH2oKGHZY6Z+LkBrNdgarkYBDIkDFa2d4z6az9Xedl7\nCbgd1DCL6T94oBqP2yhJNoBYZKWObtlRKLmS4hJaqLjcppX7SW2ZsT32V/wzUkqQ\nu79ZeI0S1ZqhBLgLgsjkC2ownW2o7CZ5rnEmcf+RAtFDu0JvAoIBAQDGZAeIfGgX\nMM72oYDYVPiwZxUXmK6/kNTbMBEdgmX1IB8bpONdUHMR3vnGvpOUI0VhqvzAtZZp\n/NHXresNpwg0OfAgpdVu+oz7gHQGAMH+3/q8N8uM8GccphwgRVj1eWWxvjgeZF3j\nJ2ZgPYf0v+68B2KRqV4ZXbIBvT28NF3paQ9zO74Ds/ltniF/u4KYlgr9/9MaFlUi\nmiN+tHLfkZKqVPX69mee6cqYQC4iVBxU0MHyew2CR2V6YM1gx0/LcWvZXT462Nb2\nsfn7dH1hp9CeLo9acoGKeN7PgfA2PmRW/Ogi1MBmZacpA9F3KeOhUEWHpuDqD0D7\niavK6R6OhwHFAoIBAAGJAVay4pSbdS584Hp5d5OW56Oe5YM/RrEhKm1x1s3WhjZX\nto246WUqZuSb6Qlz9Xjyox6NZpLaOQPbskkOUif2YRQZkCRTu4LtdpTrSXPrLim0\nbum1fgq4xjx3XDCDNXMw4vvMvtJroKZeYfWsaQD4q4T/X69Nyf8pp2F3I7jPeSE4\nAWNOPyC26hJSSHGkz54/LN4HE2rv7r7SFqAZaErfzc2fIXrTW6tTSF+ts8KH5dkx\n+Uz38z0seSQZSOdn4eM6+nen2ctL+Ni8eLVAl+tep3yL5fAGv/Gmsu5uiRAp4PBE\nuvCHGOj+HJOrgyjeEf0/2w0YT8n9GgIIA5qD3AECggEBAJs0kGwnn6tc5N0vtkQI\nHdKromWmbjeyD8Q2k305kZg2e/+9fJ55HLzDazcfywbenR3ujfQZW8YpIuWPy08P\n+KwbE5AHDLXYz8jGUn6Lwzkpctgi8lydip1wGprohdLtGTD3tqGYNZdLMJ1kJePE\n7/kr8eIw1UwU7/jKWuzNLxc2uP6Wo230M9OdHWn3gRDseUcDB9zl0c7TNaefdisP\nkOUuuI2QjbpV/sgjlbQHh26XLtQLjqL4Rhx6dNIcu4FWh2AywUd6cpnm3MHq/VgT\n2HKXzFCfOlbhfrZqWkmlgAxJqTXuqWKybhb5RLrsC4gc63hXhqe2LUlcCAkjXWN1\nnV0CggEAQAOcjoLaspy8ipmdH5gBkcMiozsKlT6ZyW7BDSe9WfwWQ5BPjS2/5Hjs\nkKkJv2BbW0/OqPwRudIA2ho8g02V2nnNZPWe+sYcjUAnh3ZYp6A+PYz9MEdBtE1T\ncxe8WQ0LxKJK5Wx4gzCXCm0Lz/kUROkeo/rXlP5Lnef0zWkOHkRpQEAvNmaNr0Wj\n0/M5bxdUhOu939etzxCTuJV0oAu7fx6Zdd57n82Zye5Oy/TF0jSCsawxm4yzgbL0\nlmS1SHKXV/8UbbmSpnLuQFB8D5O3iZIt71+g4UzD5iuR7bZonEHNjf8E2R5svK+D\nitfPnljmdvHiXZG57LCmQCf3rUMoLg==\n-----END PRIVATE KEY-----\n",
            "public_key_fingerprint_md5": "3a:27:6c:01:80:8a:3a:ad:c5:73:2e:c7:be:b9:84:28",
            "public_key_fingerprint_sha256": "SHA256:MHpS5ViBZc00atW/WDOCFuiYw9jCVlLOSGyxmHH970A",
            "public_key_openssh": "ssh-rsa AAAAB3NzaC1yc2EAAAADAQABAAACAQCYSOTasarQ7EbipsxiHT/oboNNJwGSyo0g6ZPCldRrOqpzvkStg6x7vG0ScQOOV81nQfsgKJp9a6gQDzEJxwzsSttf6i4Lqv4MatkqsWSIyUmLddtThwwAYewUI0MC1g+1Za7PD+qrDSIPlY9w49c71OivhQo8HmlEoZDs+EpLojtQfKskLJAxzaiOhhp1CLObT14kqBZX4q3dU6TZGq1avhXXijdpRdjzo04kKBbQ5C8ZPLk/WOPRWqCDaE5Z3DaKJdLSuVn5hRSHLXfqf6RdKpGvHkRqaLBEXO2/uBbRit62MZ8YjPaNSRGXKLLKG3YyTGUUJTXbkq1Pyfu5kdjv7ZJi7ACtwhxYO0IFbUkPHnzfHTdzDrlpd4qtSuSmi196nbxKA5fQ2HH0BU4jRu2b8yArRi1YcObla/JoHMOZbFX2TJ2BZpiCfmzCdWoL50S9WAJr8lmMvMofSzQQmALs9kCKRFmdnnWt5M6B/v5jKCNx1beV+JYk3ttYnzMMzhG6fBnpbKCpE4r/0qGYSp2qkCmuWTblt27pc4i1Kss6Vh0UYffy+r8obxyP+/L1n3bYBxhS+7HBEZragrzJ0M26t3QRZ99qWtVy6JCSxsvpTiZZbUIW4El/sVZ7I74eCgFC/XXStDdGIlRgCNla+M7V5aQPJhYe8Xa7hWLodOWOaw==\n",
            "public_key_pem": "-----BEGIN PUBLIC KEY-----\nMIICIjANBgkqhkiG9w0BAQEFAAOCAg8AMIICCgKCAgEAmEjk2rGq0OxG4qbMYh0/\n6G6DTScBksqNIOmTwpXUazqqc75ErYOse7xtEnEDjlfNZ0H7ICiafWuoEA8xCccM\n7ErbX+ouC6r+DGrZKrFkiMlJi3XbU4cMAGHsFCNDAtYPtWWuzw/qqw0iD5WPcOPX\nO9Tor4UKPB5pRKGQ7PhKS6I7UHyrJCyQMc2ojoYadQizm09eJKgWV+Kt3VOk2Rqt\nWr4V14o3aUXY86NOJCgW0OQvGTy5P1jj0Vqgg2hOWdw2iiXS0rlZ+YUUhy136n+k\nXSqRrx5EamiwRFztv7gW0YretjGfGIz2jUkRlyiyyht2MkxlFCU125KtT8n7uZHY\n7+2SYuwArcIcWDtCBW1JDx583x03cw65aXeKrUrkpotfep28SgOX0Nhx9AVOI0bt\nm/MgK0YtWHDm5WvyaBzDmWxV9kydgWaYgn5swnVqC+dEvVgCa/JZjLzKH0s0EJgC\n7PZAikRZnZ51reTOgf7+YygjcdW3lfiWJN7bWJ8zDM4RunwZ6WygqROK/9KhmEqd\nqpAprlk25bdu6XOItSrLOlYdFGH38vq/KG8cj/vy9Z922AcYUvuxwRGa2oK8ydDN\nurd0EWffalrVcuiQksbL6U4mWW1CFuBJf7FWeyO+HgoBQv110rQ3RiJUYAjZWvjO\n1eWkDyYWHvF2u4Vi6HTljmsCAwEAAQ==\n-----END PUBLIC KEY-----\n",
            "rsa_bits": 4096
          },
          "sensitive_attributes": []
        }
      ]
    }
  ]
}
